# This file is autogenerated, do not edit; changes may be undone by the next 'dep ensure'.


[[projects]]
  digest = "1:4014584c076f25aaf35d9de36c79ae2d208bba32c780f405e3395dad79292e22"
  name = "github.com/DATA-DOG/go-sqlmock"
  packages = ["."]
  pruneopts = ""
  revision = "d76b18b42f285b792bf985118980ce9eacea9d10"
  version = "v1.3.0"

[[projects]]
  branch = "master"
  digest = "1:6b250e53b3b7b9abd7e62f55875c234d2f8b77b846bff200fecafa2dc09af09a"
  name = "github.com/MakeNowJust/heredoc"
  packages = ["."]
  pruneopts = ""
  revision = "e9091a26100e9cfb2b6a8f470085bfa541931a91"

[[projects]]
  digest = "1:015ef9a11d36760d2075aa92839fd545cde0ef2ffe13ddaf849f2270eb292f1c"
  name = "github.com/Masterminds/squirrel"
  packages = ["."]
  pruneopts = ""
  revision = "a6b93000bd219143c56c16e6cb1c4b91da3f224b"
  version = "v1.0"

[[projects]]
  digest = "1:56c130d885a4aacae1dd9c7b71cfe39912c7ebc1ff7d2b46083c8812996dc43b"
  name = "github.com/davecgh/go-spew"
  packages = ["spew"]
  pruneopts = ""
  revision = "346938d642f2ec3594ed81d874461961cd0faa76"
  version = "v1.1.0"

[[projects]]
  digest = "1:68d892747cfa2f0638a70b8193bc12c83d9474d93c78f41e4b45a305b2f21e24"
  name = "github.com/go-playground/locales"
  packages = [
    ".",
    "currency",
  ]
  pruneopts = ""
  revision = "e4cbcb5d0652150d40ad0646651076b6bd2be4f6"
  version = "v0.11.2"

[[projects]]
  digest = "1:7ca0f6f2a364f603e843763d35c979b595d71159982791de27f9ec40d532876b"
  name = "github.com/go-playground/universal-translator"
  packages = ["."]
  pruneopts = ""
  revision = "b32fa301c9fe55953584134cb6853a13c87ec0a1"
  version = "v0.16.0"

[[projects]]
  digest = "1:8e3bd93036b4a925fe2250d3e4f38f21cadb8ef623561cd80c3c50c114b13201"
  name = "github.com/hashicorp/errwrap"
  packages = ["."]
  pruneopts = ""
  revision = "8a6fb523712970c966eefc6b39ed2c5e74880354"
  version = "v1.0.0"

[[projects]]
  digest = "1:72308fdd6d5ef61106a95be7ca72349a5565809042b6426a3cfb61d99483b824"
  name = "github.com/hashicorp/go-multierror"
  packages = ["."]
  pruneopts = ""
  revision = "886a7fbe3eb1c874d46f623bfa70af45f425b3d1"
  version = "v1.0.0"

[[projects]]
  branch = "master"
  digest = "1:7b1b752700b4889f6184e871b1fe02e6acbd69e21282d95143c9e1c90f71436d"
  name = "github.com/lann/builder"
  packages = ["."]
  pruneopts = ""
  revision = "f22ce00fd9394014049dad11c244859432bd6820"

[[projects]]
  branch = "master"
  digest = "1:bfb195bbfe4edff0d8a078dd59d7567aae6f3c0d1a2cdf855fdcdd23c9b3bd8d"
  name = "github.com/lann/ps"
  packages = ["."]
  pruneopts = ""
  revision = "62de8c46ede02a7675c4c79c84883eb164cb71e3"

[[projects]]
  branch = "master"
  digest = "1:3b5167b89f2203a949b71e29783418a0532531238ad36eb8610ec12e9c7b997f"
  name = "github.com/lib/pq"
  packages = [
    ".",
    "oid",
  ]
  pruneopts = ""
  revision = "83612a56d3dd153a94a629cd64925371c9adad78"

[[projects]]
  digest = "1:0c0ff2a89c1bb0d01887e1dac043ad7efbf3ec77482ef058ac423d13497e16fd"
  name = "github.com/modern-go/concurrent"
  packages = ["."]
  pruneopts = ""
  revision = "bacd9c7ef1dd9b15be4a9909b8ac7a4e313eec94"
  version = "1.0.3"

[[projects]]
  digest = "1:e32bdbdb7c377a07a9a46378290059822efdce5c8d96fe71940d87cb4f918855"
  name = "github.com/modern-go/reflect2"
  packages = ["."]
  pruneopts = ""
  revision = "4b7aa43c6742a2c18fdef89dd197aaae7dac7ccd"
  version = "1.0.1"

[[projects]]
  digest = "1:210286d0cb60ffe28f1ca00b664029e8943009f95d06d8f8c336301b28e1aee5"
  name = "github.com/philhofer/fwd"
  packages = ["."]
  pruneopts = ""
  revision = "bb6d471dc95d4fe11e432687f8b70ff496cf3136"
  version = "v1.0.0"

[[projects]]
  digest = "1:efdd8a779b6d1eba5bd94b1daa200d1566ef8568c8afc9cb84588f45e6bf4d56"
  name = "github.com/plusplusben/json-iterator-go"
  packages = ["."]
  pruneopts = ""
  revision = "d0a8e940581317dc89a46750fa3e8b8d52cc7499"
  version = "1.1.6"

[[projects]]
  digest = "1:256484dbbcd271f9ecebc6795b2df8cad4c458dd0f5fd82a8c2fa0c29f233411"
  name = "github.com/pmezard/go-difflib"
  packages = ["difflib"]
  pruneopts = ""
  revision = "792786c7400a136282c1664665ae0a8db921c6c2"
  version = "v1.0.0"

[[projects]]
  digest = "1:6b55df4b0517a459af9d3879c99330af4367adcf45f3d0d37ded80a6272ae057"
  name = "github.com/satori/go.uuid"
  packages = ["."]
  pruneopts = ""
  revision = "879c5887cd475cd7864858769793b2ceb0d44feb"
  version = "v1.1.0"

[[projects]]
  digest = "1:2d0dc026c4aef5e2f3a0e06a4dabe268b840d8f63190cf6894e02134a03f52c5"
  name = "github.com/stretchr/testify"
  packages = ["assert"]
  pruneopts = ""
  revision = "b91bfb9ebec76498946beb6af7c0230c7cc7ba6c"
  version = "v1.2.0"

[[projects]]
  digest = "1:cae65c1f3471b1f456a9d8a160440f4824ad50c718a15da4144490fbc3b12e49"
  name = "github.com/tinylib/msgp"
  packages = ["msgp"]
  pruneopts = ""
  revision = "b2b6a672cf1e5b90748f79b8b81fc8c5cf0571a1"
  version = "1.0.2"

[[projects]]
  branch = "master"
  digest = "1:dad137c4b24778e11782675f4ef8a00e9625dfe8cf063cb7d104d370c303c6cb"
  name = "golang.org/x/sys"
  packages = ["windows"]
  pruneopts = ""
  revision = "c2ed4eda69e7f62900806e4cd6e45f0429f859fa"

[[projects]]
  digest = "1:be560af8c72c59788a6748eae60b8e1fe136fefdf049b7dfb6f5b591ea337984"
  name = "gopkg.in/DataDog/dd-trace-go.v1"
  packages = [
    "contrib/database/sql",
    "contrib/database/sql/internal",
    "ddtrace",
    "ddtrace/ext",
    "ddtrace/internal",
    "ddtrace/tracer",
  ]
  pruneopts = ""
  revision = "bcd20367df871708a36549e7fe36183ee5b4fc55"
  version = "v1.3.0"

[[projects]]
  digest = "1:ff079e6ffd8ee0e5f39d98d357fef55fd460304c3eece24cb8f5e62318e9747a"
  name = "gopkg.in/go-playground/validator.v9"
  packages = ["."]
  pruneopts = ""
  revision = "1b8c8e19cd250435025214492d9a08411d760fdd"
  version = "v9.12.0"

[solve-meta]
  analyzer-name = "dep"
  analyzer-version = 1
  input-imports = [
    "github.com/DATA-DOG/go-sqlmock",
    "github.com/MakeNowJust/heredoc",
    "github.com/Masterminds/squirrel",
    "github.com/hashicorp/go-multierror",
    "github.com/lib/pq",
    "github.com/modern-go/reflect2",
    "github.com/plusplusben/json-iterator-go",
    "github.com/satori/go.uuid",
    "github.com/stretchr/testify/assert",
    "gopkg.in/DataDog/dd-trace-go.v1/contrib/database/sql",
    "gopkg.in/go-playground/validator.v9",
  ]
  solver-name = "gps-cdcl"
  solver-version = 1
